{
    "_meta": {
        "hash": {
            "sha256": "37270c238669db941e96e30f442d1f0ad3ccf690db6976775b66c99879a13c4b"
        },
        "pipfile-spec": 6,
        "requires": {
            "python_version": "3.12.1"
        },
        "sources": [
            {
                "name": "pypi",
                "url": "https://pypi.org/simple",
                "verify_ssl": true
            }
        ]
    },
    "default": {
        "asgiref": {
            "hashes": [
                "sha256:a5ab6582236218e5ef1648f242fd9f10626cfd4de8dc377db215d5d5098e3142",
                "sha256:f3bba7092a48005b5f5bacd747d36ee4a5a61f4a269a6df590b43144355ebd2c"
            ],
            "markers": "python_version >= '3.9'",
            "version": "==3.9.1"
        },
        "django": {
            "hashes": [
                "sha256:60c35bd96201b10c6e7a78121bd0da51084733efa303cc19ead021ab179cef5e",
                "sha256:a1228c384f8fa13eebc015196db7b3e08722c5058d4758d20cb287503a540d8f"
            ],
            "markers": "python_version >= '3.10'",
            "version": "==5.2.4"
        },
        "django-phonenumber-field": {
            "hashes": [
                "sha256:9ba66873bf47401b13fc57797fbf85e785864a6bfdc8b9daa3a9012886567045",
                "sha256:f19450625574ad3a2de047c409527d0e57699496849e71e53b53e8679ff67b27"
            ],
            "index": "pypi",
            "markers": "python_version >= '3.9'",
            "version": "==8.1.0"
        },
        "djangorestframework": {
            "hashes": [
                "sha256:bea7e9f6b96a8584c5224bfb2e4348dfb3f8b5e34edbecb98da258e892089361",
                "sha256:f022ff46613584de994c0c6a4aebbace5fd700555fbe9d33b865ebf173eba6c9"
            ],
            "index": "pypi",
            "markers": "python_version >= '3.9'",
            "version": "==3.16.0"
        },
        "phonenumbers": {
            "hashes": [
                "sha256:13b12d269be1f2b363c9bc2868656a7e2e8b50f1a1cef629c75005da6c374c6b",
                "sha256:c2d15a6a9d0534b14a7764f51246ada99563e263f65b80b0251d1a760ac4a1ba"
            ],
            "index": "pypi",
            "version": "==9.0.10"
        },
        "sqlparse": {
            "hashes": [
                "sha256:09f67787f56a0b16ecdbde1bfc7f5d9c3371ca683cfeaa8e6ff60b4807ec9272",
                "sha256:cf2196ed3418f3ba5de6af7e82c694a9fbdbfecccdfc72e281548517081f16ca"
            ],
            "markers": "python_version >= '3.8'",
            "version": "==0.5.3"
        }
    },
    "develop": {}
}
